
Microsoft Visual Studio Solution File, Format Version 12.00
# Visual Studio Version 17
VisualStudioVersion = 17.8.34316.72
MinimumVisualStudioVersion = 10.0.40219.1
Project("{FAE04EC0-301F-11D3-BF4B-00C04F79EFBC}") = "MoviesLibrary", "MoviesLibrary.csproj", "{B2DB82B0-AC0F-4C7F-92DC-72570E2FDFFE}"
EndProject
Global
	GlobalSection(SolutionConfigurationPlatforms) = preSolution
		Debug|Any CPU = Debug|Any CPU
		Release|Any CPU = Release|Any CPU
	EndGlobalSection
	GlobalSection(ProjectConfigurationPlatforms) = postSolution
		{B2DB82B0-AC0F-4C7F-92DC-72570E2FDFFE}.Debug|Any CPU.ActiveCfg = Debug|Any CPU
		{B2DB82B0-AC0F-4C7F-92DC-72570E2FDFFE}.Debug|Any CPU.Build.0 = Debug|Any CPU
		{B2DB82B0-AC0F-4C7F-92DC-72570E2FDFFE}.Release|Any CPU.ActiveCfg = Release|Any CPU
		{B2DB82B0-AC0F-4C7F-92DC-72570E2FDFFE}.Release|Any CPU.Build.0 = Release|Any CPU
	EndGlobalSection
	GlobalSection(SolutionProperties) = preSolution
		HideSolutionNode = FALSE
	EndGlobalSection
	GlobalSection(ExtensibilityGlobals) = postSolution
		SolutionGuid = {9DD661E7-2798-4C9B-8328-C06B3642E093}
	EndGlobalSection
EndGlobal
